
Microsoft Visual Studio Solution File, Format Version 12.00
# Visual Studio 2012
Project("{FAE04EC0-301F-11D3-BF4B-00C04F79EFBC}") = "DT.iOS.DatePickerDialog", "DT.iOS.DatePickerDialog\DT.iOS.DatePickerDialog.csproj", "{101FD7D0-DDBA-4E22-8E7E-82D7A499F56E}"
EndProject
Project("{FAE04EC0-301F-11D3-BF4B-00C04F79EFBC}") = "TestDialogApp", "TestDialogApp\TestDialogApp.csproj", "{4FDF94C1-74AD-4EB9-8592-EF98CE5606B5}"
EndProject
Global
	GlobalSection(SolutionConfigurationPlatforms) = preSolution
		Debug|iPhoneSimulator = Debug|iPhoneSimulator
		Release|iPhone = Release|iPhone
		Release|iPhoneSimulator = Release|iPhoneSimulator
		Debug|iPhone = Debug|iPhone
	EndGlobalSection
	GlobalSection(ProjectConfigurationPlatforms) = postSolution
		{101FD7D0-DDBA-4E22-8E7E-82D7A499F56E}.Debug|iPhoneSimulator.ActiveCfg = Debug|Any CPU
		{101FD7D0-DDBA-4E22-8E7E-82D7A499F56E}.Debug|iPhoneSimulator.Build.0 = Debug|Any CPU
		{101FD7D0-DDBA-4E22-8E7E-82D7A499F56E}.Release|iPhone.ActiveCfg = Release|Any CPU
		{101FD7D0-DDBA-4E22-8E7E-82D7A499F56E}.Release|iPhone.Build.0 = Release|Any CPU
		{101FD7D0-DDBA-4E22-8E7E-82D7A499F56E}.Release|iPhoneSimulator.ActiveCfg = Release|Any CPU
		{101FD7D0-DDBA-4E22-8E7E-82D7A499F56E}.Release|iPhoneSimulator.Build.0 = Release|Any CPU
		{101FD7D0-DDBA-4E22-8E7E-82D7A499F56E}.Debug|iPhone.ActiveCfg = Debug|Any CPU
		{101FD7D0-DDBA-4E22-8E7E-82D7A499F56E}.Debug|iPhone.Build.0 = Debug|Any CPU
		{4FDF94C1-74AD-4EB9-8592-EF98CE5606B5}.Debug|iPhoneSimulator.ActiveCfg = Debug|iPhoneSimulator
		{4FDF94C1-74AD-4EB9-8592-EF98CE5606B5}.Debug|iPhoneSimulator.Build.0 = Debug|iPhoneSimulator
		{4FDF94C1-74AD-4EB9-8592-EF98CE5606B5}.Release|iPhone.ActiveCfg = Release|iPhone
		{4FDF94C1-74AD-4EB9-8592-EF98CE5606B5}.Release|iPhone.Build.0 = Release|iPhone
		{4FDF94C1-74AD-4EB9-8592-EF98CE5606B5}.Release|iPhoneSimulator.ActiveCfg = Release|iPhoneSimulator
		{4FDF94C1-74AD-4EB9-8592-EF98CE5606B5}.Release|iPhoneSimulator.Build.0 = Release|iPhoneSimulator
		{4FDF94C1-74AD-4EB9-8592-EF98CE5606B5}.Debug|iPhone.ActiveCfg = Debug|iPhone
		{4FDF94C1-74AD-4EB9-8592-EF98CE5606B5}.Debug|iPhone.Build.0 = Debug|iPhone
	EndGlobalSection
	GlobalSection(MonoDevelopProperties) = preSolution
		Policies = $0
		$0.TextStylePolicy = $1
		$1.scope = text/x-csharp
		$1.FileWidth = 80
		$1.TabsToSpaces = True
		$0.CSharpFormattingPolicy = $2
		$2.scope = text/x-csharp
		$0.StandardHeader = $3
	EndGlobalSection
EndGlobal
